
Microsoft Visual Studio Solution File, Format Version 12.00
Project("{FAE04EC0-301F-11D3-BF4B-00C04F79EFBC}") = "PokemonLookup.Web", "PokemonLookup.Web\PokemonLookup.Web.csproj", "{485E92D9-C425-4C99-AED3-965E27DACE42}"
EndProject
Project("{2150E333-8FDC-42A3-9474-1A3956D46DE8}") = "Solution Items", "Solution Items", "{88774F40-75D5-466B-A405-5B9ADA821DC5}"
	ProjectSection(SolutionItems) = preProject
		docker-compose.yml = docker-compose.yml
	EndProjectSection
EndProject
Project("{FAE04EC0-301F-11D3-BF4B-00C04F79EFBC}") = "PokemonLookup.UnitTests", "PokemonLookup.UnitTests\PokemonLookup.UnitTests.csproj", "{A1D3D8EF-0F02-4786-AB37-3B13BCF24C24}"
EndProject
Project("{2150E333-8FDC-42A3-9474-1A3956D46DE8}") = "src", "src", "{F9CF191B-C540-4CEB-B5DF-824DFFCA75B9}"
EndProject
Project("{2150E333-8FDC-42A3-9474-1A3956D46DE8}") = "tests", "tests", "{1CBF450D-5CB4-4D0B-83C6-5B1C3385E39D}"
EndProject
Project("{FAE04EC0-301F-11D3-BF4B-00C04F79EFBC}") = "PokemonLookup.IntegrationTests", "PokemonLookup.IntegrationTests\PokemonLookup.IntegrationTests.csproj", "{34E3FAB6-582D-4788-8D21-15898D6FAADC}"
EndProject
Project("{FAE04EC0-301F-11D3-BF4B-00C04F79EFBC}") = "PokemonLookup.Application", "PokemonLookup.Application\PokemonLookup.Application.csproj", "{E1B4494B-6CDB-42CA-9476-37F23012579E}"
EndProject
Project("{FAE04EC0-301F-11D3-BF4B-00C04F79EFBC}") = "PokemonLookup.Infrastructure", "PokemonLookup.Infrastructure\PokemonLookup.Infrastructure.csproj", "{F38264ED-9175-4FD6-A6E9-4145435C871A}"
EndProject
Project("{FAE04EC0-301F-11D3-BF4B-00C04F79EFBC}") = "PokemonLookup.LoadTests", "PokemonLookup.LoadTests\PokemonLookup.LoadTests.csproj", "{6FDE5DDE-1B07-4E93-9CE6-2706B011CF95}"
EndProject
Project("{FAE04EC0-301F-11D3-BF4B-00C04F79EFBC}") = "PokemonLookup.ArchitectureTests", "PokemonLookup.ArchitectureTests\PokemonLookup.ArchitectureTests.csproj", "{ADF00BBD-1348-46CA-B106-A48EED886FA7}"
EndProject
Project("{FAE04EC0-301F-11D3-BF4B-00C04F79EFBC}") = "PokemonLookup.End2EndTests", "PokemonLookup.End2EndTests\PokemonLookup.End2EndTests.csproj", "{B79717C8-CD39-4F08-8EFD-3300645518C9}"
EndProject
Project("{FAE04EC0-301F-11D3-BF4B-00C04F79EFBC}") = "PokemonLookup.Domain", "PokemonLookup.Domain\PokemonLookup.Domain.csproj", "{F6FCF61A-8BC9-46D3-BE5B-427D2574B8E6}"
EndProject
Global
	GlobalSection(SolutionConfigurationPlatforms) = preSolution
		Debug|Any CPU = Debug|Any CPU
		Release|Any CPU = Release|Any CPU
	EndGlobalSection
	GlobalSection(ProjectConfigurationPlatforms) = postSolution
		{485E92D9-C425-4C99-AED3-965E27DACE42}.Debug|Any CPU.ActiveCfg = Debug|Any CPU
		{485E92D9-C425-4C99-AED3-965E27DACE42}.Debug|Any CPU.Build.0 = Debug|Any CPU
		{485E92D9-C425-4C99-AED3-965E27DACE42}.Release|Any CPU.ActiveCfg = Release|Any CPU
		{485E92D9-C425-4C99-AED3-965E27DACE42}.Release|Any CPU.Build.0 = Release|Any CPU
		{A1D3D8EF-0F02-4786-AB37-3B13BCF24C24}.Debug|Any CPU.ActiveCfg = Debug|Any CPU
		{A1D3D8EF-0F02-4786-AB37-3B13BCF24C24}.Debug|Any CPU.Build.0 = Debug|Any CPU
		{A1D3D8EF-0F02-4786-AB37-3B13BCF24C24}.Release|Any CPU.ActiveCfg = Release|Any CPU
		{A1D3D8EF-0F02-4786-AB37-3B13BCF24C24}.Release|Any CPU.Build.0 = Release|Any CPU
		{34E3FAB6-582D-4788-8D21-15898D6FAADC}.Debug|Any CPU.ActiveCfg = Debug|Any CPU
		{34E3FAB6-582D-4788-8D21-15898D6FAADC}.Debug|Any CPU.Build.0 = Debug|Any CPU
		{34E3FAB6-582D-4788-8D21-15898D6FAADC}.Release|Any CPU.ActiveCfg = Release|Any CPU
		{34E3FAB6-582D-4788-8D21-15898D6FAADC}.Release|Any CPU.Build.0 = Release|Any CPU
		{E1B4494B-6CDB-42CA-9476-37F23012579E}.Debug|Any CPU.ActiveCfg = Debug|Any CPU
		{E1B4494B-6CDB-42CA-9476-37F23012579E}.Debug|Any CPU.Build.0 = Debug|Any CPU
		{E1B4494B-6CDB-42CA-9476-37F23012579E}.Release|Any CPU.ActiveCfg = Release|Any CPU
		{E1B4494B-6CDB-42CA-9476-37F23012579E}.Release|Any CPU.Build.0 = Release|Any CPU
		{F38264ED-9175-4FD6-A6E9-4145435C871A}.Debug|Any CPU.ActiveCfg = Debug|Any CPU
		{F38264ED-9175-4FD6-A6E9-4145435C871A}.Debug|Any CPU.Build.0 = Debug|Any CPU
		{F38264ED-9175-4FD6-A6E9-4145435C871A}.Release|Any CPU.ActiveCfg = Release|Any CPU
		{F38264ED-9175-4FD6-A6E9-4145435C871A}.Release|Any CPU.Build.0 = Release|Any CPU
		{6FDE5DDE-1B07-4E93-9CE6-2706B011CF95}.Debug|Any CPU.ActiveCfg = Debug|Any CPU
		{6FDE5DDE-1B07-4E93-9CE6-2706B011CF95}.Debug|Any CPU.Build.0 = Debug|Any CPU
		{6FDE5DDE-1B07-4E93-9CE6-2706B011CF95}.Release|Any CPU.ActiveCfg = Release|Any CPU
		{6FDE5DDE-1B07-4E93-9CE6-2706B011CF95}.Release|Any CPU.Build.0 = Release|Any CPU
		{ADF00BBD-1348-46CA-B106-A48EED886FA7}.Debug|Any CPU.ActiveCfg = Debug|Any CPU
		{ADF00BBD-1348-46CA-B106-A48EED886FA7}.Debug|Any CPU.Build.0 = Debug|Any CPU
		{ADF00BBD-1348-46CA-B106-A48EED886FA7}.Release|Any CPU.ActiveCfg = Release|Any CPU
		{ADF00BBD-1348-46CA-B106-A48EED886FA7}.Release|Any CPU.Build.0 = Release|Any CPU
		{B79717C8-CD39-4F08-8EFD-3300645518C9}.Debug|Any CPU.ActiveCfg = Debug|Any CPU
		{B79717C8-CD39-4F08-8EFD-3300645518C9}.Debug|Any CPU.Build.0 = Debug|Any CPU
		{B79717C8-CD39-4F08-8EFD-3300645518C9}.Release|Any CPU.ActiveCfg = Release|Any CPU
		{B79717C8-CD39-4F08-8EFD-3300645518C9}.Release|Any CPU.Build.0 = Release|Any CPU
		{F6FCF61A-8BC9-46D3-BE5B-427D2574B8E6}.Debug|Any CPU.ActiveCfg = Debug|Any CPU
		{F6FCF61A-8BC9-46D3-BE5B-427D2574B8E6}.Debug|Any CPU.Build.0 = Debug|Any CPU
		{F6FCF61A-8BC9-46D3-BE5B-427D2574B8E6}.Release|Any CPU.ActiveCfg = Release|Any CPU
		{F6FCF61A-8BC9-46D3-BE5B-427D2574B8E6}.Release|Any CPU.Build.0 = Release|Any CPU
	EndGlobalSection
	GlobalSection(NestedProjects) = preSolution
		{485E92D9-C425-4C99-AED3-965E27DACE42} = {F9CF191B-C540-4CEB-B5DF-824DFFCA75B9}
		{A1D3D8EF-0F02-4786-AB37-3B13BCF24C24} = {1CBF450D-5CB4-4D0B-83C6-5B1C3385E39D}
		{34E3FAB6-582D-4788-8D21-15898D6FAADC} = {1CBF450D-5CB4-4D0B-83C6-5B1C3385E39D}
		{E1B4494B-6CDB-42CA-9476-37F23012579E} = {F9CF191B-C540-4CEB-B5DF-824DFFCA75B9}
		{F38264ED-9175-4FD6-A6E9-4145435C871A} = {F9CF191B-C540-4CEB-B5DF-824DFFCA75B9}
		{ADF00BBD-1348-46CA-B106-A48EED886FA7} = {1CBF450D-5CB4-4D0B-83C6-5B1C3385E39D}
		{B79717C8-CD39-4F08-8EFD-3300645518C9} = {1CBF450D-5CB4-4D0B-83C6-5B1C3385E39D}
		{6FDE5DDE-1B07-4E93-9CE6-2706B011CF95} = {1CBF450D-5CB4-4D0B-83C6-5B1C3385E39D}
		{F6FCF61A-8BC9-46D3-BE5B-427D2574B8E6} = {F9CF191B-C540-4CEB-B5DF-824DFFCA75B9}
	EndGlobalSection
EndGlobal
